{
  "version": 4,
  "terraform_version": "1.6.1",
  "serial": 170,
  "lineage": "6fd881e6-64eb-c3cf-907a-94b2dfda4c09",
  "outputs": {
    "webhook_url": {
      "value": "https://3zurpob9tl.execute-api.us-east-1.amazonaws.com/dev/api/github/webhook",
      "type": "string"
    }
  },
  "resources": [
    {
      "mode": "managed",
      "type": "aws_api_gateway_deployment",
      "name": "deployment",
      "provider": "provider[\"registry.terraform.io/hashicorp/aws\"]",
      "instances": [
        {
          "schema_version": 0,
          "attributes": {
            "created_date": "2025-07-07T09:56:25Z",
            "description": "",
            "id": "bsdjdv",
            "region": "us-east-1",
            "rest_api_id": "3zurpob9tl",
            "triggers": null,
            "variables": null
          },
          "sensitive_attributes": [],
          "private": "bnVsbA==",
          "dependencies": [
            "aws_api_gateway_integration.lambda_proxy",
            "aws_api_gateway_method.webhook_post",
            "aws_api_gateway_resource.api",
            "aws_api_gateway_resource.github",
            "aws_api_gateway_resource.webhook",
            "aws_api_gateway_rest_api.probot_api",
            "aws_iam_role.lambda_exec",
            "aws_lambda_function.probot"
          ]
        }
      ]
    },
    {
      "mode": "managed",
      "type": "aws_api_gateway_integration",
      "name": "lambda_proxy",
      "provider": "provider[\"registry.terraform.io/hashicorp/aws\"]",
      "instances": [
        {
          "schema_version": 0,
          "attributes": {
            "cache_key_parameters": null,
            "cache_namespace": "t9yfgp",
            "connection_id": "",
            "connection_type": "INTERNET",
            "content_handling": "",
            "credentials": "",
            "http_method": "POST",
            "id": "agi-3zurpob9tl-t9yfgp-POST",
            "integration_http_method": "POST",
            "passthrough_behavior": "WHEN_NO_MATCH",
            "region": "us-east-1",
            "request_parameters": null,
            "request_templates": null,
            "resource_id": "t9yfgp",
            "rest_api_id": "3zurpob9tl",
            "timeout_milliseconds": 29000,
            "tls_config": [],
            "type": "AWS_PROXY",
            "uri": "arn:aws:apigateway:us-east-1:lambda:path/2015-03-31/functions/arn:aws:lambda:us-east-1:050584725437:function:dops-deply-bot/invocations"
          },
          "sensitive_attributes": [],
          "private": "bnVsbA==",
          "dependencies": [
            "aws_api_gateway_method.webhook_post",
            "aws_api_gateway_resource.api",
            "aws_api_gateway_resource.github",
            "aws_api_gateway_resource.webhook",
            "aws_api_gateway_rest_api.probot_api",
            "aws_iam_role.lambda_exec",
            "aws_lambda_function.probot"
          ]
        }
      ]
    },
    {
      "mode": "managed",
      "type": "aws_api_gateway_method",
      "name": "webhook_post",
      "provider": "provider[\"registry.terraform.io/hashicorp/aws\"]",
      "instances": [
        {
          "schema_version": 0,
          "attributes": {
            "api_key_required": false,
            "authorization": "NONE",
            "authorization_scopes": null,
            "authorizer_id": null,
            "http_method": "POST",
            "id": "agm-3zurpob9tl-t9yfgp-POST",
            "operation_name": null,
            "region": "us-east-1",
            "request_models": null,
            "request_parameters": null,
            "request_validator_id": null,
            "resource_id": "t9yfgp",
            "rest_api_id": "3zurpob9tl"
          },
          "sensitive_attributes": [],
          "private": "bnVsbA==",
          "dependencies": [
            "aws_api_gateway_resource.api",
            "aws_api_gateway_resource.github",
            "aws_api_gateway_resource.webhook",
            "aws_api_gateway_rest_api.probot_api"
          ]
        }
      ]
    },
    {
      "mode": "managed",
      "type": "aws_api_gateway_resource",
      "name": "api",
      "provider": "provider[\"registry.terraform.io/hashicorp/aws\"]",
      "instances": [
        {
          "schema_version": 0,
          "attributes": {
            "id": "nw0thz",
            "parent_id": "fuymmhu1rb",
            "path": "/api",
            "path_part": "api",
            "region": "us-east-1",
            "rest_api_id": "3zurpob9tl"
          },
          "sensitive_attributes": [],
          "private": "bnVsbA==",
          "dependencies": [
            "aws_api_gateway_rest_api.probot_api"
          ]
        }
      ]
    },
    {
      "mode": "managed",
      "type": "aws_api_gateway_resource",
      "name": "github",
      "provider": "provider[\"registry.terraform.io/hashicorp/aws\"]",
      "instances": [
        {
          "schema_version": 0,
          "attributes": {
            "id": "ohlp3q",
            "parent_id": "nw0thz",
            "path": "/api/github",
            "path_part": "github",
            "region": "us-east-1",
            "rest_api_id": "3zurpob9tl"
          },
          "sensitive_attributes": [],
          "private": "bnVsbA==",
          "dependencies": [
            "aws_api_gateway_resource.api",
            "aws_api_gateway_rest_api.probot_api"
          ]
        }
      ]
    },
    {
      "mode": "managed",
      "type": "aws_api_gateway_resource",
      "name": "webhook",
      "provider": "provider[\"registry.terraform.io/hashicorp/aws\"]",
      "instances": [
        {
          "schema_version": 0,
          "attributes": {
            "id": "t9yfgp",
            "parent_id": "ohlp3q",
            "path": "/api/github/webhook",
            "path_part": "webhook",
            "region": "us-east-1",
            "rest_api_id": "3zurpob9tl"
          },
          "sensitive_attributes": [],
          "private": "bnVsbA==",
          "dependencies": [
            "aws_api_gateway_resource.api",
            "aws_api_gateway_resource.github",
            "aws_api_gateway_rest_api.probot_api"
          ]
        }
      ]
    },
    {
      "mode": "managed",
      "type": "aws_api_gateway_rest_api",
      "name": "probot_api",
      "provider": "provider[\"registry.terraform.io/hashicorp/aws\"]",
      "instances": [
        {
          "schema_version": 0,
          "attributes": {
            "api_key_source": "HEADER",
            "arn": "arn:aws:apigateway:us-east-1::/restapis/3zurpob9tl",
            "binary_media_types": [],
            "body": null,
            "created_date": "2025-07-07T09:56:10Z",
            "description": "",
            "disable_execute_api_endpoint": false,
            "endpoint_configuration": [
              {
                "ip_address_type": "ipv4",
                "types": [
                  "EDGE"
                ],
                "vpc_endpoint_ids": []
              }
            ],
            "execution_arn": "arn:aws:execute-api:us-east-1:050584725437:3zurpob9tl",
            "fail_on_warnings": null,
            "id": "3zurpob9tl",
            "minimum_compression_size": "",
            "name": "probot-api",
            "parameters": null,
            "policy": "",
            "put_rest_api_mode": null,
            "region": "us-east-1",
            "root_resource_id": "fuymmhu1rb",
            "tags": null,
            "tags_all": {}
          },
          "sensitive_attributes": [],
          "private": "bnVsbA=="
        }
      ]
    },
    {
      "mode": "managed",
      "type": "aws_api_gateway_stage",
      "name": "probot_stage",
      "provider": "provider[\"registry.terraform.io/hashicorp/aws\"]",
      "instances": [
        {
          "schema_version": 0,
          "attributes": {
            "access_log_settings": [],
            "arn": "arn:aws:apigateway:us-east-1::/restapis/3zurpob9tl/stages/dev",
            "cache_cluster_enabled": false,
            "cache_cluster_size": "",
            "canary_settings": [],
            "client_certificate_id": "",
            "deployment_id": "bsdjdv",
            "description": "",
            "documentation_version": "",
            "execution_arn": "arn:aws:execute-api:us-east-1:050584725437:3zurpob9tl/dev",
            "id": "ags-3zurpob9tl-dev",
            "invoke_url": "https://3zurpob9tl.execute-api.us-east-1.amazonaws.com/dev",
            "region": "us-east-1",
            "rest_api_id": "3zurpob9tl",
            "stage_name": "dev",
            "tags": null,
            "tags_all": {},
            "variables": null,
            "web_acl_arn": "",
            "xray_tracing_enabled": false
          },
          "sensitive_attributes": [],
          "private": "bnVsbA==",
          "dependencies": [
            "aws_api_gateway_deployment.deployment",
            "aws_api_gateway_integration.lambda_proxy",
            "aws_api_gateway_method.webhook_post",
            "aws_api_gateway_resource.api",
            "aws_api_gateway_resource.github",
            "aws_api_gateway_resource.webhook",
            "aws_api_gateway_rest_api.probot_api",
            "aws_iam_role.lambda_exec",
            "aws_lambda_function.probot"
          ]
        }
      ]
    },
    {
      "mode": "managed",
      "type": "aws_iam_role",
      "name": "lambda_exec",
      "provider": "provider[\"registry.terraform.io/hashicorp/aws\"]",
      "instances": [
        {
          "schema_version": 0,
          "attributes": {
            "arn": "arn:aws:iam::050584725437:role/probot-lambda-execution-role-v2",
            "assume_role_policy": "{\"Statement\":[{\"Action\":\"sts:AssumeRole\",\"Effect\":\"Allow\",\"Principal\":{\"Service\":\"lambda.amazonaws.com\"}}],\"Version\":\"2012-10-17\"}",
            "create_date": "2025-07-07T09:56:10Z",
            "description": "",
            "force_detach_policies": false,
            "id": "probot-lambda-execution-role-v2",
            "inline_policy": [],
            "managed_policy_arns": [],
            "max_session_duration": 3600,
            "name": "probot-lambda-execution-role-v2",
            "name_prefix": "",
            "path": "/",
            "permissions_boundary": "",
            "tags": null,
            "tags_all": {},
            "unique_id": "AROAQXRYVU664JRTGKPAR"
          },
          "sensitive_attributes": [],
          "private": "bnVsbA=="
        }
      ]
    },
    {
      "mode": "managed",
      "type": "aws_iam_role_policy_attachment",
      "name": "lambda_basic_execution",
      "provider": "provider[\"registry.terraform.io/hashicorp/aws\"]",
      "instances": [
        {
          "schema_version": 0,
          "attributes": {
            "id": "probot-lambda-execution-role-v2/arn:aws:iam::aws:policy/service-role/AWSLambdaBasicExecutionRole",
            "policy_arn": "arn:aws:iam::aws:policy/service-role/AWSLambdaBasicExecutionRole",
            "role": "probot-lambda-execution-role-v2"
          },
          "sensitive_attributes": [],
          "private": "bnVsbA==",
          "dependencies": [
            "aws_iam_role.lambda_exec"
          ]
        }
      ]
    },
    {
      "mode": "managed",
      "type": "aws_iam_role_policy_attachment",
      "name": "ssm_readonly",
      "provider": "provider[\"registry.terraform.io/hashicorp/aws\"]",
      "instances": [
        {
          "schema_version": 0,
          "attributes": {
            "id": "probot-lambda-execution-role-v2/arn:aws:iam::aws:policy/AmazonSSMReadOnlyAccess",
            "policy_arn": "arn:aws:iam::aws:policy/AmazonSSMReadOnlyAccess",
            "role": "probot-lambda-execution-role-v2"
          },
          "sensitive_attributes": [],
          "private": "bnVsbA==",
          "dependencies": [
            "aws_iam_role.lambda_exec"
          ]
        }
      ]
    },
    {
      "mode": "managed",
      "type": "aws_lambda_function",
      "name": "probot",
      "provider": "provider[\"registry.terraform.io/hashicorp/aws\"]",
      "instances": [
        {
          "schema_version": 0,
          "attributes": {
            "architectures": [
              "x86_64"
            ],
            "arn": "arn:aws:lambda:us-east-1:050584725437:function:dops-deply-bot",
            "code_sha256": "lHiY30Lomd54JIpSh8WBIDLHPVL8L4HzamnqKsZwi/k=",
            "code_signing_config_arn": "",
            "dead_letter_config": [],
            "description": "",
            "environment": [
              {
                "variables": {
                  "LOG_LEVEL": "debug",
                  "NODE_ENV": "production",
                  "PROBOT_PARAM_PREFIX": "/bot/probot"
                }
              }
            ],
            "ephemeral_storage": [
              {
                "size": 512
              }
            ],
            "file_system_config": [],
            "filename": null,
            "function_name": "dops-deply-bot",
            "handler": "index.handler",
            "id": "dops-deply-bot",
            "image_config": [],
            "image_uri": "",
            "invoke_arn": "arn:aws:apigateway:us-east-1:lambda:path/2015-03-31/functions/arn:aws:lambda:us-east-1:050584725437:function:dops-deply-bot/invocations",
            "kms_key_arn": "",
            "last_modified": "2025-07-07T09:56:17.766+0000",
            "layers": null,
            "logging_config": [
              {
                "application_log_level": "",
                "log_format": "Text",
                "log_group": "/aws/lambda/dops-deply-bot",
                "system_log_level": ""
              }
            ],
            "memory_size": 128,
            "package_type": "Zip",
            "publish": false,
            "qualified_arn": "arn:aws:lambda:us-east-1:050584725437:function:dops-deply-bot:$LATEST",
            "qualified_invoke_arn": "arn:aws:apigateway:us-east-1:lambda:path/2015-03-31/functions/arn:aws:lambda:us-east-1:050584725437:function:dops-deply-bot:$LATEST/invocations",
            "region": "us-east-1",
            "replace_security_groups_on_destroy": null,
            "replacement_security_group_ids": null,
            "reserved_concurrent_executions": -1,
            "role": "arn:aws:iam::050584725437:role/probot-lambda-execution-role-v2",
            "runtime": "nodejs20.x",
            "s3_bucket": "mybuckets3probot",
            "s3_key": "app/deploy-bot/dist.zip",
            "s3_object_version": null,
            "signing_job_arn": "",
            "signing_profile_version_arn": "",
            "skip_destroy": false,
            "snap_start": [],
            "source_code_hash": "",
            "source_code_size": 1232546,
            "tags": null,
            "tags_all": {},
            "timeout": 360,
            "timeouts": null,
            "tracing_config": [
              {
                "mode": "PassThrough"
              }
            ],
            "version": "$LATEST",
            "vpc_config": []
          },
          "sensitive_attributes": [],
          "private": "eyJlMmJmYjczMC1lY2FhLTExZTYtOGY4OC0zNDM2M2JjN2M0YzAiOnsiY3JlYXRlIjo2MDAwMDAwMDAwMDAsImRlbGV0ZSI6NjAwMDAwMDAwMDAwLCJ1cGRhdGUiOjYwMDAwMDAwMDAwMH19",
          "dependencies": [
            "aws_iam_role.lambda_exec"
          ]
        }
      ]
    },
    {
      "mode": "managed",
      "type": "aws_lambda_permission",
      "name": "allow_apigw",
      "provider": "provider[\"registry.terraform.io/hashicorp/aws\"]",
      "instances": [
        {
          "schema_version": 0,
          "attributes": {
            "action": "lambda:InvokeFunction",
            "event_source_token": null,
            "function_name": "dops-deply-bot",
            "function_url_auth_type": null,
            "id": "AllowExecutionFromAPIGateway",
            "principal": "apigateway.amazonaws.com",
            "principal_org_id": null,
            "qualifier": "",
            "region": "us-east-1",
            "source_account": null,
            "source_arn": "arn:aws:execute-api:us-east-1:050584725437:3zurpob9tl/*/*",
            "statement_id": "AllowExecutionFromAPIGateway",
            "statement_id_prefix": ""
          },
          "sensitive_attributes": [],
          "private": "bnVsbA==",
          "dependencies": [
            "aws_api_gateway_rest_api.probot_api",
            "aws_iam_role.lambda_exec",
            "aws_lambda_function.probot"
          ]
        }
      ]
    },
    {
      "mode": "managed",
      "type": "aws_ssm_parameter",
      "name": "probot_app_id",
      "provider": "provider[\"registry.terraform.io/hashicorp/aws\"]",
      "instances": [
        {
          "schema_version": 0,
          "attributes": {
            "allowed_pattern": "",
            "arn": "arn:aws:ssm:us-east-1:050584725437:parameter/bot/probot/APP_ID",
            "data_type": "text",
            "description": "",
            "has_value_wo": null,
            "id": "/bot/probot/APP_ID",
            "insecure_value": null,
            "key_id": "alias/aws/ssm",
            "name": "/bot/probot/APP_ID",
            "overwrite": null,
            "region": "us-east-1",
            "tags": null,
            "tags_all": {},
            "tier": "Standard",
            "type": "SecureString",
            "value": "1219662",
            "value_wo": null,
            "value_wo_version": null,
            "version": 1
          },
          "sensitive_attributes": [
            [
              {
                "type": "get_attr",
                "value": "value"
              }
            ]
          ],
          "private": "bnVsbA=="
        }
      ]
    },
    {
      "mode": "managed",
      "type": "aws_ssm_parameter",
      "name": "probot_private_key",
      "provider": "provider[\"registry.terraform.io/hashicorp/aws\"]",
      "instances": [
        {
          "schema_version": 0,
          "attributes": {
            "allowed_pattern": "",
            "arn": "arn:aws:ssm:us-east-1:050584725437:parameter/bot/probot/PRIVATE_KEY",
            "data_type": "text",
            "description": "",
            "has_value_wo": null,
            "id": "/bot/probot/PRIVATE_KEY",
            "insecure_value": null,
            "key_id": "alias/aws/ssm",
            "name": "/bot/probot/PRIVATE_KEY",
            "overwrite": null,
            "region": "us-east-1",
            "tags": null,
            "tags_all": {},
            "tier": "Standard",
            "type": "SecureString",
            "value": "-----BEGIN RSA PRIVATE KEY-----\nMIIEpAIBAAKCAQEAyvbCREokhQIrot3S9AxMsTXsb4Wqsmzgx/L7odIXLQqy0Y1H\nWGkCh8phOndR9Z6US46QWbInpmiX0KM+HP8VgWETZzbyxSmyUcQqs7XUMJi1jO9V\nQAVCjc2JbPSxpRNOT0tZYIDiWGHt4fJAwqc8JaU5D2gtzNL6Uhwh1agP9ws+INmb\nXenIt6BhV54fk94tX8l+Sz72qpIiTqAMjlgYc24ncLacvahKpaqF5AWQwTaHsECQ\nuK3cK0zmnInBO4OJdB9Zi1qwI+uoZpcXzN3dkzNGgSOchP/WmM9+DiHEcP7zeXMQ\nkaSstg98F6aD39voorR1GrHoPzU/a2KN4lgKkQIDAQABAoIBAEwMYYYM8doUkh0Y\nWK6w3RuZRNoUj30DZsYEuVxMx/pMg+wYr57k2dnfbsblZoRNwur8pAG3yzuC/T9j\nqyZaPciYgxitchGGKhaRFh74BmWfEoeYNa0jS2iulsuIc/eSYEk9xmNuZ2EOcH+0\nsac92j+QxOyM8HxKoRibCeJwcmrx1Ib0SdRi+r42TdMIFiBXn8y5UKrPa/Vue/Nl\n15M+eWSe0nTF9MrKRQNv+olUwdIef/w7cJdQ4YTR1/JP6MOoxsm53OdG2H8V+jkA\nMWTDpoUJF76/U38gR4LhhGIpAmfuWyON9yo5Ai04+vW3buOiVl1Fqoqr0MhKLlPU\npGvpYAECgYEA7Pan7/ewzkHGVZQuEBw2wAPlJR0qSe4RPNwoK9ZrdApKmY1tjGxJ\n+P+WwPgvDtPC9slzqyjeDJlNHIP+5Pp7r/IaC5ZBGyo+b5fcAMQX0P0M7/ZX8N+W\nXdoaZs8mHdvOJpJ29c9DBDA3TekMGFkMnzg1fEk+GwfFY9FYN6NyVIECgYEA20Tf\nuDxuHS894HbbAqktE32TDzOq71LEWnsqPfMeLQgEFHW7zrcLVjfPfBksgMWKZWEd\nPsW3HYhfe/0wNn+mHp8UShFAHZuoXvloNLcSPl6xJraXRWmS768PFp+2wWLu9v/+\nXqVbJhoOo7U6wKWyc2metUJ6ZWGGDpShSlrxbhECgYEAhMQB/dpqTnXd2O8IC/Cy\n4EyOY4f+vKNNNysmusENPVvSxkvOOCIoJAGYBpBHVWhiUQE39IsWNjriUHrIIqUR\nDdh4rUtHOSAnEUEle6xip65QRFZimUu8pOLhbf7cHVidHVFso3a31q3pHpbXNwEV\nqFPG69bhnCVze+S8J5hFI4ECgYAEJFrtigayem/6y4P7muKFGbwrb1htSOz4oJb9\nsJgDVcFt+YNgtkh6inda6sbSb+jbXWhGBUoePrM/DltYzDSBI5QoigbiCEy37pIv\nXL31e6hxCMX2w7XI3U+1p7K2GH5XICLX+tur7pYUNZo0hWzHjVk4J1dUjvEPWXNq\niilBYQKBgQCnmwPN5h42UBbyDKtc+stjqH7/t+z8xrQMK4fLu09MTPjt0osGzmvB\n4opwrrZkD7WIa9FOXHcrg9KXijs+BewzJvHEOFm9pp9l/+dg0HLy2l9ZlypZ+xYT\nDxed/fO5YEEm8gvyykvvZdDGDve48XEaIGIg1sLwnyjtrFtP1eet9A==\n-----END RSA PRIVATE KEY-----\n",
            "value_wo": null,
            "value_wo_version": null,
            "version": 1
          },
          "sensitive_attributes": [],
          "private": "bnVsbA=="
        }
      ]
    },
    {
      "mode": "managed",
      "type": "aws_ssm_parameter",
      "name": "probot_webhook_secret",
      "provider": "provider[\"registry.terraform.io/hashicorp/aws\"]",
      "instances": [
        {
          "schema_version": 0,
          "attributes": {
            "allowed_pattern": "",
            "arn": "arn:aws:ssm:us-east-1:050584725437:parameter/bot/probot/WEBHOOK_SECRET",
            "data_type": "text",
            "description": "",
            "has_value_wo": null,
            "id": "/bot/probot/WEBHOOK_SECRET",
            "insecure_value": null,
            "key_id": "alias/aws/ssm",
            "name": "/bot/probot/WEBHOOK_SECRET",
            "overwrite": null,
            "region": "us-east-1",
            "tags": null,
            "tags_all": {},
            "tier": "Standard",
            "type": "SecureString",
            "value": "testwebhook",
            "value_wo": null,
            "value_wo_version": null,
            "version": 1
          },
          "sensitive_attributes": [
            [
              {
                "type": "get_attr",
                "value": "value"
              }
            ]
          ],
          "private": "bnVsbA=="
        }
      ]
    }
  ],
  "check_results": null
}
